
Microsoft Visual Studio Solution File, Format Version 12.00
# Visual Studio Version 17
VisualStudioVersion = 17.9.34714.143
MinimumVisualStudioVersion = 10.0.40219.1
Project("{9A19103F-16F7-4668-BE54-9A1E7A4F7556}") = "SmartParkManager", "SmartParkManager\SmartParkManager.csproj", "{8CBEB453-12E2-4683-88FE-86097B8A1C70}"
EndProject
Project("{9A19103F-16F7-4668-BE54-9A1E7A4F7556}") = "SmartParkCore", "SmartParkCore\SmartParkCore.csproj", "{FB83B64F-CBD9-4809-A3BE-B2350C358F43}"
EndProject
Project("{9A19103F-16F7-4668-BE54-9A1E7A4F7556}") = "SmartParkWebApp", "SmartParkWebApp\SmartParkWebApp.csproj", "{27C24FE2-4CED-44D3-8FD1-B4155775667C}"
EndProject
Project("{9A19103F-16F7-4668-BE54-9A1E7A4F7556}") = "SmartParkWebAPI", "SmartParkWebAPI\SmartParkWebAPI.csproj", "{3B4ACB04-350C-43F6-B4A8-162ABE3D780C}"
EndProject
Project("{9A19103F-16F7-4668-BE54-9A1E7A4F7556}") = "SmartParkIoT", "SmartParkIoT\SmartParkIoT.csproj", "{DDC8A11B-CA11-451E-BE79-B54D2DD8B495}"
EndProject
Project("{9A19103F-16F7-4668-BE54-9A1E7A4F7556}") = "SmartParkTest", "SmartParkTest\SmartParkTest.csproj", "{D533300B-C6FC-40C9-A938-7282EB37A6F5}"
EndProject
Project("{9A19103F-16F7-4668-BE54-9A1E7A4F7556}") = "SmartParkPhilipsHue", "SmartParkPhilipsHue\SmartParkPhilipsHue.csproj", "{9835DC77-DD92-478A-BCF0-CB62E2645F67}"
EndProject
Global
	GlobalSection(SolutionConfigurationPlatforms) = preSolution
		Debug|Any CPU = Debug|Any CPU
		Release|Any CPU = Release|Any CPU
	EndGlobalSection
	GlobalSection(ProjectConfigurationPlatforms) = postSolution
		{8CBEB453-12E2-4683-88FE-86097B8A1C70}.Debug|Any CPU.ActiveCfg = Debug|Any CPU
		{8CBEB453-12E2-4683-88FE-86097B8A1C70}.Debug|Any CPU.Build.0 = Debug|Any CPU
		{8CBEB453-12E2-4683-88FE-86097B8A1C70}.Release|Any CPU.ActiveCfg = Release|Any CPU
		{8CBEB453-12E2-4683-88FE-86097B8A1C70}.Release|Any CPU.Build.0 = Release|Any CPU
		{FB83B64F-CBD9-4809-A3BE-B2350C358F43}.Debug|Any CPU.ActiveCfg = Debug|Any CPU
		{FB83B64F-CBD9-4809-A3BE-B2350C358F43}.Debug|Any CPU.Build.0 = Debug|Any CPU
		{FB83B64F-CBD9-4809-A3BE-B2350C358F43}.Release|Any CPU.ActiveCfg = Release|Any CPU
		{FB83B64F-CBD9-4809-A3BE-B2350C358F43}.Release|Any CPU.Build.0 = Release|Any CPU
		{27C24FE2-4CED-44D3-8FD1-B4155775667C}.Debug|Any CPU.ActiveCfg = Debug|Any CPU
		{27C24FE2-4CED-44D3-8FD1-B4155775667C}.Debug|Any CPU.Build.0 = Debug|Any CPU
		{27C24FE2-4CED-44D3-8FD1-B4155775667C}.Release|Any CPU.ActiveCfg = Release|Any CPU
		{27C24FE2-4CED-44D3-8FD1-B4155775667C}.Release|Any CPU.Build.0 = Release|Any CPU
		{3B4ACB04-350C-43F6-B4A8-162ABE3D780C}.Debug|Any CPU.ActiveCfg = Debug|Any CPU
		{3B4ACB04-350C-43F6-B4A8-162ABE3D780C}.Debug|Any CPU.Build.0 = Debug|Any CPU
		{3B4ACB04-350C-43F6-B4A8-162ABE3D780C}.Release|Any CPU.ActiveCfg = Release|Any CPU
		{3B4ACB04-350C-43F6-B4A8-162ABE3D780C}.Release|Any CPU.Build.0 = Release|Any CPU
		{DDC8A11B-CA11-451E-BE79-B54D2DD8B495}.Debug|Any CPU.ActiveCfg = Debug|Any CPU
		{DDC8A11B-CA11-451E-BE79-B54D2DD8B495}.Debug|Any CPU.Build.0 = Debug|Any CPU
		{DDC8A11B-CA11-451E-BE79-B54D2DD8B495}.Release|Any CPU.ActiveCfg = Release|Any CPU
		{DDC8A11B-CA11-451E-BE79-B54D2DD8B495}.Release|Any CPU.Build.0 = Release|Any CPU
		{D533300B-C6FC-40C9-A938-7282EB37A6F5}.Debug|Any CPU.ActiveCfg = Debug|Any CPU
		{D533300B-C6FC-40C9-A938-7282EB37A6F5}.Debug|Any CPU.Build.0 = Debug|Any CPU
		{D533300B-C6FC-40C9-A938-7282EB37A6F5}.Release|Any CPU.ActiveCfg = Release|Any CPU
		{D533300B-C6FC-40C9-A938-7282EB37A6F5}.Release|Any CPU.Build.0 = Release|Any CPU
		{9835DC77-DD92-478A-BCF0-CB62E2645F67}.Debug|Any CPU.ActiveCfg = Debug|Any CPU
		{9835DC77-DD92-478A-BCF0-CB62E2645F67}.Debug|Any CPU.Build.0 = Debug|Any CPU
		{9835DC77-DD92-478A-BCF0-CB62E2645F67}.Release|Any CPU.ActiveCfg = Release|Any CPU
		{9835DC77-DD92-478A-BCF0-CB62E2645F67}.Release|Any CPU.Build.0 = Release|Any CPU
	EndGlobalSection
	GlobalSection(SolutionProperties) = preSolution
		HideSolutionNode = FALSE
	EndGlobalSection
	GlobalSection(ExtensibilityGlobals) = postSolution
		SolutionGuid = {9FA27C68-F99C-4980-89CC-28D2987CA89B}
	EndGlobalSection
EndGlobal
